
Microsoft Visual Studio Solution File, Format Version 12.00
# Visual Studio Version 17
VisualStudioVersion = 17.6.33815.320
MinimumVisualStudioVersion = 10.0.40219.1
Project("{FAE04EC0-301F-11D3-BF4B-00C04F79EFBC}") = "FirstGame", "FirstGame.csproj", "{A491EB4F-415F-47C5-AD04-88D245F8C942}"
EndProject
Global
	GlobalSection(SolutionConfigurationPlatforms) = preSolution
		Debug|Any CPU = Debug|Any CPU
		Release|Any CPU = Release|Any CPU
	EndGlobalSection
	GlobalSection(ProjectConfigurationPlatforms) = postSolution
		{A491EB4F-415F-47C5-AD04-88D245F8C942}.Debug|Any CPU.ActiveCfg = Debug|Any CPU
		{A491EB4F-415F-47C5-AD04-88D245F8C942}.Debug|Any CPU.Build.0 = Debug|Any CPU
		{A491EB4F-415F-47C5-AD04-88D245F8C942}.Release|Any CPU.ActiveCfg = Release|Any CPU
		{A491EB4F-415F-47C5-AD04-88D245F8C942}.Release|Any CPU.Build.0 = Release|Any CPU
	EndGlobalSection
	GlobalSection(SolutionProperties) = preSolution
		HideSolutionNode = FALSE
	EndGlobalSection
	GlobalSection(ExtensibilityGlobals) = postSolution
		SolutionGuid = {6EDB912E-07CB-4A26-B904-21D070F91C2C}
	EndGlobalSection
EndGlobal
